{
  "name": "backend",
  "version": "1.0.0",
  "lockfileVersion": 3,
  "requires": true,
  "packages": {
    "": {
      "name": "backend",
      "version": "1.0.0",
      "license": "ISC",
      "dependencies": {
        "m": "^1.10.0"
      }
    },
    "node_modules/m": {
      "version": "1.10.0",
      "resolved": "https://registry.npmjs.org/m/-/m-1.10.0.tgz",
      "integrity": "sha512-+vXing+uUyCeZZlY2RIteWHSPHgVcFyBoeWrBU5F3ibDt847sVPGHK41GriFP05uMvfHZkhlaAMYEHoQkfksvA==",
      "license": "MIT",
      "bin": {
        "m": "bin/m"
      }
    }
  }
}
